
Microsoft Visual Studio Solution File, Format Version 12.00
# Visual Studio Version 16
VisualStudioVersion = 16.0.30621.155
MinimumVisualStudioVersion = 10.0.40219.1
Project("{FAE04EC0-301F-11D3-BF4B-00C04F79EFBC}") = "NetStandardClassLibrary", "NetStandardClassLibrary\NetStandardClassLibrary.csproj", "{BABD310D-51F3-424B-99C2-F67C664ADBFE}"
EndProject
Project("{FAE04EC0-301F-11D3-BF4B-00C04F79EFBC}") = "NetCoreMSTest", "NetCoreMSTest\NetCoreMSTest.csproj", "{17066560-BD99-4B86-871C-DCB5C8F5FDC1}"
EndProject
Project("{FAE04EC0-301F-11D3-BF4B-00C04F79EFBC}") = "NetCoreConsoleApp", "NetCoreConsoleApp\NetCoreConsoleApp.csproj", "{6D9AA264-DA69-4F0E-B5D7-55BD4A03701F}"
EndProject
Global
	GlobalSection(SolutionConfigurationPlatforms) = preSolution
		Debug|Any CPU = Debug|Any CPU
		Release|Any CPU = Release|Any CPU
	EndGlobalSection
	GlobalSection(ProjectConfigurationPlatforms) = postSolution
		{BABD310D-51F3-424B-99C2-F67C664ADBFE}.Debug|Any CPU.ActiveCfg = Debug|Any CPU
		{BABD310D-51F3-424B-99C2-F67C664ADBFE}.Debug|Any CPU.Build.0 = Debug|Any CPU
		{BABD310D-51F3-424B-99C2-F67C664ADBFE}.Release|Any CPU.ActiveCfg = Release|Any CPU
		{BABD310D-51F3-424B-99C2-F67C664ADBFE}.Release|Any CPU.Build.0 = Release|Any CPU
		{17066560-BD99-4B86-871C-DCB5C8F5FDC1}.Debug|Any CPU.ActiveCfg = Debug|Any CPU
		{17066560-BD99-4B86-871C-DCB5C8F5FDC1}.Debug|Any CPU.Build.0 = Debug|Any CPU
		{17066560-BD99-4B86-871C-DCB5C8F5FDC1}.Release|Any CPU.ActiveCfg = Release|Any CPU
		{17066560-BD99-4B86-871C-DCB5C8F5FDC1}.Release|Any CPU.Build.0 = Release|Any CPU
		{6D9AA264-DA69-4F0E-B5D7-55BD4A03701F}.Debug|Any CPU.ActiveCfg = Debug|Any CPU
		{6D9AA264-DA69-4F0E-B5D7-55BD4A03701F}.Debug|Any CPU.Build.0 = Debug|Any CPU
		{6D9AA264-DA69-4F0E-B5D7-55BD4A03701F}.Release|Any CPU.ActiveCfg = Release|Any CPU
		{6D9AA264-DA69-4F0E-B5D7-55BD4A03701F}.Release|Any CPU.Build.0 = Release|Any CPU
	EndGlobalSection
	GlobalSection(SolutionProperties) = preSolution
		HideSolutionNode = FALSE
	EndGlobalSection
	GlobalSection(ExtensibilityGlobals) = postSolution
		SolutionGuid = {73F22F4A-AAE1-49DB-8198-AD7BD495BC2B}
	EndGlobalSection
EndGlobal
